
Microsoft Visual Studio Solution File, Format Version 12.00
# Visual Studio Version 17
VisualStudioVersion = 17.4.33103.184
MinimumVisualStudioVersion = 10.0.40219.1
Project("{FAE04EC0-301F-11D3-BF4B-00C04F79EFBC}") = "WebApplicationDemo", "WebApplicationDemo\WebApplicationDemo.csproj", "{2559D11A-D5BA-4717-A454-FD28FDFE51DD}"
EndProject
Global
	GlobalSection(SolutionConfigurationPlatforms) = preSolution
		Debug|Any CPU = Debug|Any CPU
		Release|Any CPU = Release|Any CPU
	EndGlobalSection
	GlobalSection(ProjectConfigurationPlatforms) = postSolution
		{2559D11A-D5BA-4717-A454-FD28FDFE51DD}.Debug|Any CPU.ActiveCfg = Debug|Any CPU
		{2559D11A-D5BA-4717-A454-FD28FDFE51DD}.Debug|Any CPU.Build.0 = Debug|Any CPU
		{2559D11A-D5BA-4717-A454-FD28FDFE51DD}.Release|Any CPU.ActiveCfg = Release|Any CPU
		{2559D11A-D5BA-4717-A454-FD28FDFE51DD}.Release|Any CPU.Build.0 = Release|Any CPU
	EndGlobalSection
	GlobalSection(SolutionProperties) = preSolution
		HideSolutionNode = FALSE
	EndGlobalSection
	GlobalSection(ExtensibilityGlobals) = postSolution
		SolutionGuid = {7CE6B62E-7E68-4AFB-A471-ED43B0A9A457}
	EndGlobalSection
EndGlobal
